
Microsoft Visual Studio Solution File, Format Version 12.00
# Visual Studio Version 17
VisualStudioVersion = 17.1.32421.90
MinimumVisualStudioVersion = 10.0.40219.1
Project("{8BC9CEB8-8B4A-11D0-8D11-00A0C91BC942}") = "Html", "Html\Html.vcxproj", "{816A3776-54FF-40D9-B301-1DE33243DEAC}"
EndProject
Global
	GlobalSection(SolutionConfigurationPlatforms) = preSolution
		Debug|x64 = Debug|x64
		Debug|x86 = Debug|x86
		Release|x64 = Release|x64
		Release|x86 = Release|x86
	EndGlobalSection
	GlobalSection(ProjectConfigurationPlatforms) = postSolution
		{816A3776-54FF-40D9-B301-1DE33243DEAC}.Debug|x64.ActiveCfg = Debug|x64
		{816A3776-54FF-40D9-B301-1DE33243DEAC}.Debug|x64.Build.0 = Debug|x64
		{816A3776-54FF-40D9-B301-1DE33243DEAC}.Debug|x86.ActiveCfg = Debug|Win32
		{816A3776-54FF-40D9-B301-1DE33243DEAC}.Debug|x86.Build.0 = Debug|Win32
		{816A3776-54FF-40D9-B301-1DE33243DEAC}.Release|x64.ActiveCfg = Release|x64
		{816A3776-54FF-40D9-B301-1DE33243DEAC}.Release|x64.Build.0 = Release|x64
		{816A3776-54FF-40D9-B301-1DE33243DEAC}.Release|x86.ActiveCfg = Release|Win32
		{816A3776-54FF-40D9-B301-1DE33243DEAC}.Release|x86.Build.0 = Release|Win32
	EndGlobalSection
	GlobalSection(SolutionProperties) = preSolution
		HideSolutionNode = FALSE
	EndGlobalSection
	GlobalSection(ExtensibilityGlobals) = postSolution
		SolutionGuid = {56520B96-CCAA-414A-921E-6BEB9E799DE8}
	EndGlobalSection
EndGlobal
